
Microsoft Visual Studio Solution File, Format Version 12.00
# Visual Studio 15
VisualStudioVersion = 15.0.28307.271
MinimumVisualStudioVersion = 10.0.40219.1
Project("{8BC9CEB8-8B4A-11D0-8D11-00A0C91BC942}") = "Practice1", "Practice1\Practice1.vcxproj", "{E90439A7-A4A9-48C4-AD9B-9D3B06BEF56E}"
EndProject
Project("{8BC9CEB8-8B4A-11D0-8D11-00A0C91BC942}") = "isUnique", "isUnique\isUnique.vcxproj", "{E610F620-32B8-435B-AC87-174751C08319}"
EndProject
Project("{8BC9CEB8-8B4A-11D0-8D11-00A0C91BC942}") = "sumOfDigits", "sumOfDigits\sumOfDigits.vcxproj", "{A11FBDC5-E712-4D62-8741-D540FAF64A37}"
EndProject
Global
	GlobalSection(SolutionConfigurationPlatforms) = preSolution
		Debug|x64 = Debug|x64
		Debug|x86 = Debug|x86
		Release|x64 = Release|x64
		Release|x86 = Release|x86
	EndGlobalSection
	GlobalSection(ProjectConfigurationPlatforms) = postSolution
		{E90439A7-A4A9-48C4-AD9B-9D3B06BEF56E}.Debug|x64.ActiveCfg = Debug|x64
		{E90439A7-A4A9-48C4-AD9B-9D3B06BEF56E}.Debug|x64.Build.0 = Debug|x64
		{E90439A7-A4A9-48C4-AD9B-9D3B06BEF56E}.Debug|x86.ActiveCfg = Debug|Win32
		{E90439A7-A4A9-48C4-AD9B-9D3B06BEF56E}.Debug|x86.Build.0 = Debug|Win32
		{E90439A7-A4A9-48C4-AD9B-9D3B06BEF56E}.Release|x64.ActiveCfg = Release|x64
		{E90439A7-A4A9-48C4-AD9B-9D3B06BEF56E}.Release|x64.Build.0 = Release|x64
		{E90439A7-A4A9-48C4-AD9B-9D3B06BEF56E}.Release|x86.ActiveCfg = Release|Win32
		{E90439A7-A4A9-48C4-AD9B-9D3B06BEF56E}.Release|x86.Build.0 = Release|Win32
		{E610F620-32B8-435B-AC87-174751C08319}.Debug|x64.ActiveCfg = Debug|x64
		{E610F620-32B8-435B-AC87-174751C08319}.Debug|x64.Build.0 = Debug|x64
		{E610F620-32B8-435B-AC87-174751C08319}.Debug|x86.ActiveCfg = Debug|Win32
		{E610F620-32B8-435B-AC87-174751C08319}.Debug|x86.Build.0 = Debug|Win32
		{E610F620-32B8-435B-AC87-174751C08319}.Release|x64.ActiveCfg = Release|x64
		{E610F620-32B8-435B-AC87-174751C08319}.Release|x64.Build.0 = Release|x64
		{E610F620-32B8-435B-AC87-174751C08319}.Release|x86.ActiveCfg = Release|Win32
		{E610F620-32B8-435B-AC87-174751C08319}.Release|x86.Build.0 = Release|Win32
		{A11FBDC5-E712-4D62-8741-D540FAF64A37}.Debug|x64.ActiveCfg = Debug|x64
		{A11FBDC5-E712-4D62-8741-D540FAF64A37}.Debug|x64.Build.0 = Debug|x64
		{A11FBDC5-E712-4D62-8741-D540FAF64A37}.Debug|x86.ActiveCfg = Debug|Win32
		{A11FBDC5-E712-4D62-8741-D540FAF64A37}.Debug|x86.Build.0 = Debug|Win32
		{A11FBDC5-E712-4D62-8741-D540FAF64A37}.Release|x64.ActiveCfg = Release|x64
		{A11FBDC5-E712-4D62-8741-D540FAF64A37}.Release|x64.Build.0 = Release|x64
		{A11FBDC5-E712-4D62-8741-D540FAF64A37}.Release|x86.ActiveCfg = Release|Win32
		{A11FBDC5-E712-4D62-8741-D540FAF64A37}.Release|x86.Build.0 = Release|Win32
	EndGlobalSection
	GlobalSection(SolutionProperties) = preSolution
		HideSolutionNode = FALSE
	EndGlobalSection
	GlobalSection(ExtensibilityGlobals) = postSolution
		SolutionGuid = {51B0204D-1445-4D20-9B31-7473FECF2616}
	EndGlobalSection
EndGlobal
